PODS:
  - Realm (3.17.3):
    - Realm/Headers (= 3.17.3)
  - Realm/Headers (3.17.3)
  - RealmSwift (3.17.3):
    - Realm (= 3.17.3)
  - SwiftLint (0.35.0)

DEPENDENCIES:
  - RealmSwift
  - SwiftLint

SPEC REPOS:
  https://github.com/CocoaPods/Specs.git:
    - Realm
    - RealmSwift
  trunk:
    - SwiftLint

SPEC CHECKSUMS:
  Realm: 5a1d9d47bfc101dd597668b1a8af4288a2557f6d
  RealmSwift: b7fdc2d18616621c31df5c7a398a45a2163f8eb0
  SwiftLint: 5553187048b900c91aa03552807681bb6b027846

PODFILE CHECKSUM: c173cb6a667364bcba03653b41403ee012505920

COCOAPODS: 1.8.0.beta.2
