// !$*UTF8*$!
{
	archiveVersion = 1;
	classes = {
	};
	objectVersion = 51;
	objects = {

/* Begin PBXBuildFile section */
		7B55156523397ACA00F47437 /* assets.swift in Sources */ = {isa = PBXBuildFile; fileRef = 7B55156323397ACA00F47437 /* assets.swift */; };
		7B55156623397ACA00F47437 /* strings.swift in Sources */ = {isa = PBXBuildFile; fileRef = 7B55156423397ACA00F47437 /* strings.swift */; };
		7B55156923397B6000F47437 /* Localizable.strings in Resources */ = {isa = PBXBuildFile; fileRef = 7B55156723397B6000F47437 /* Localizable.strings */; };
		7B55156B233A57B600F47437 /* swiftgen.yml in Resources */ = {isa = PBXBuildFile; fileRef = 7B55156A233A57B600F47437 /* swiftgen.yml */; };
		7B6C5704234E52BB00B67366 /* LaunchScreen.storyboard in Resources */ = {isa = PBXBuildFile; fileRef = 7B6C5703234E52BB00B67366 /* LaunchScreen.storyboard */; };
		7B6C5708234E63FE00B67366 /* KeychainManager.swift in Sources */ = {isa = PBXBuildFile; fileRef = 7B6C5707234E63FE00B67366 /* KeychainManager.swift */; };
		7B6C570B234E877100B67366 /* PresentableShakeCount.swift in Sources */ = {isa = PBXBuildFile; fileRef = 7B6C570A234E877100B67366 /* PresentableShakeCount.swift */; };
		7B9E265523416CA10070F3D7 /* MagicEntity.swift in Sources */ = {isa = PBXBuildFile; fileRef = 7B9E265423416CA10070F3D7 /* MagicEntity.swift */; };
		7B9E265823416D0C0070F3D7 /* MainModel.swift in Sources */ = {isa = PBXBuildFile; fileRef = 7B9E265723416D0C0070F3D7 /* MainModel.swift */; };
		7BC56B53230DD664008F13A7 /* AppDelegate.swift in Sources */ = {isa = PBXBuildFile; fileRef = 7BC56B52230DD664008F13A7 /* AppDelegate.swift */; };
		7BC56B55230DD664008F13A7 /* MainViewController.swift in Sources */ = {isa = PBXBuildFile; fileRef = 7BC56B54230DD664008F13A7 /* MainViewController.swift */; };
		7BC56B5B230DD664008F13A7 /* MaybeYesMaybeNo.xcdatamodeld in Sources */ = {isa = PBXBuildFile; fileRef = 7BC56B59230DD664008F13A7 /* MaybeYesMaybeNo.xcdatamodeld */; };
		7BC56B5D230DD665008F13A7 /* Assets.xcassets in Resources */ = {isa = PBXBuildFile; fileRef = 7BC56B5C230DD665008F13A7 /* Assets.xcassets */; };
		7BC56B6C230DD7E7008F13A7 /* NetworkManager.swift in Sources */ = {isa = PBXBuildFile; fileRef = 7BC56B6B230DD7E7008F13A7 /* NetworkManager.swift */; };
		7BC56B6F230DD7FF008F13A7 /* AnswerEntity.swift in Sources */ = {isa = PBXBuildFile; fileRef = 7BC56B6E230DD7FF008F13A7 /* AnswerEntity.swift */; };
		7BC56B74230DE4F8008F13A7 /* Common.swift in Sources */ = {isa = PBXBuildFile; fileRef = 7BC56B73230DE4F8008F13A7 /* Common.swift */; };
		7BC56B77230DF4E3008F13A7 /* SettingsViewController.swift in Sources */ = {isa = PBXBuildFile; fileRef = 7BC56B76230DF4E3008F13A7 /* SettingsViewController.swift */; };
		7BC56B7B230DFF1B008F13A7 /* BaseViewController.swift in Sources */ = {isa = PBXBuildFile; fileRef = 7BC56B7A230DFF1B008F13A7 /* BaseViewController.swift */; };
		7BCC61F8231508E5008BE745 /* DefaultAnswerModel.swift in Sources */ = {isa = PBXBuildFile; fileRef = 7BCC61F7231508E5008BE745 /* DefaultAnswerModel.swift */; };
		7BCC61FA23151B49008BE745 /* DataBaseManager.swift in Sources */ = {isa = PBXBuildFile; fileRef = 7BCC61F923151B49008BE745 /* DataBaseManager.swift */; };
		7BCC61FF2316562E008BE745 /* UINavigationController.swift in Sources */ = {isa = PBXBuildFile; fileRef = 7BCC61FE2316562E008BE745 /* UINavigationController.swift */; };
		7BD24E612342BF0D009944B2 /* SettingsModel.swift in Sources */ = {isa = PBXBuildFile; fileRef = 7BD24E602342BF0D009944B2 /* SettingsModel.swift */; };
		7BD24E632342BF40009944B2 /* SettingsViewModel.swift in Sources */ = {isa = PBXBuildFile; fileRef = 7BD24E622342BF40009944B2 /* SettingsViewModel.swift */; };
		7BD24E6B23463B1D009944B2 /* PresentableModel.swift in Sources */ = {isa = PBXBuildFile; fileRef = 7BD24E6A23463B1D009944B2 /* PresentableModel.swift */; };
		7BE14F2D2340C293004B0627 /* MainViewModel.swift in Sources */ = {isa = PBXBuildFile; fileRef = 7BE14F2C2340C293004B0627 /* MainViewModel.swift */; };
		7BE4E9D82356728A00FE4D28 /* RootTabBarController.swift in Sources */ = {isa = PBXBuildFile; fileRef = 7BE4E9D72356728A00FE4D28 /* RootTabBarController.swift */; };
		DBD9D32A227D12B8191EC1DC /* Pods_MaybeYesMaybeNo.framework in Frameworks */ = {isa = PBXBuildFile; fileRef = 99A575923B28DD48ABCABFAC /* Pods_MaybeYesMaybeNo.framework */; };
/* End PBXBuildFile section */

/* Begin PBXFileReference section */
		2EF541D99880B8DC1B1B7C9A /* Pods-MaybeYesMaybeNo.debug.xcconfig */ = {isa = PBXFileReference; includeInIndex = 1; lastKnownFileType = text.xcconfig; name = "Pods-MaybeYesMaybeNo.debug.xcconfig"; path = "Target Support Files/Pods-MaybeYesMaybeNo/Pods-MaybeYesMaybeNo.debug.xcconfig"; sourceTree = "<group>"; };
		33AB7FEBCD23D02B9390207A /* Pods-MaybeYesMaybeNo.release.xcconfig */ = {isa = PBXFileReference; includeInIndex = 1; lastKnownFileType = text.xcconfig; name = "Pods-MaybeYesMaybeNo.release.xcconfig"; path = "Target Support Files/Pods-MaybeYesMaybeNo/Pods-MaybeYesMaybeNo.release.xcconfig"; sourceTree = "<group>"; };
		7B55156323397ACA00F47437 /* assets.swift */ = {isa = PBXFileReference; fileEncoding = 4; lastKnownFileType = sourcecode.swift; path = assets.swift; sourceTree = "<group>"; };
		7B55156423397ACA00F47437 /* strings.swift */ = {isa = PBXFileReference; fileEncoding = 4; lastKnownFileType = sourcecode.swift; path = strings.swift; sourceTree = "<group>"; };
		7B55156823397B6000F47437 /* Base */ = {isa = PBXFileReference; lastKnownFileType = text.plist.strings; name = Base; path = Base.lproj/Localizable.strings; sourceTree = "<group>"; };
		7B55156A233A57B600F47437 /* swiftgen.yml */ = {isa = PBXFileReference; fileEncoding = 4; lastKnownFileType = text.yaml; path = swiftgen.yml; sourceTree = SOURCE_ROOT; };
		7B6C5703234E52BB00B67366 /* LaunchScreen.storyboard */ = {isa = PBXFileReference; lastKnownFileType = file.storyboard; path = LaunchScreen.storyboard; sourceTree = "<group>"; };
		7B6C5707234E63FE00B67366 /* KeychainManager.swift */ = {isa = PBXFileReference; lastKnownFileType = sourcecode.swift; path = KeychainManager.swift; sourceTree = "<group>"; };
		7B6C5709234E7CB200B67366 /* MaybeYesMaybeNo.entitlements */ = {isa = PBXFileReference; lastKnownFileType = text.plist.entitlements; path = MaybeYesMaybeNo.entitlements; sourceTree = "<group>"; };
		7B6C570A234E877100B67366 /* PresentableShakeCount.swift */ = {isa = PBXFileReference; lastKnownFileType = sourcecode.swift; path = PresentableShakeCount.swift; sourceTree = "<group>"; };
		7B9E265423416CA10070F3D7 /* MagicEntity.swift */ = {isa = PBXFileReference; lastKnownFileType = sourcecode.swift; path = MagicEntity.swift; sourceTree = "<group>"; };
		7B9E265723416D0C0070F3D7 /* MainModel.swift */ = {isa = PBXFileReference; lastKnownFileType = sourcecode.swift; path = MainModel.swift; sourceTree = "<group>"; };
		7BC56B4F230DD664008F13A7 /* MaybeYesMaybeNo.app */ = {isa = PBXFileReference; explicitFileType = wrapper.application; includeInIndex = 0; path = MaybeYesMaybeNo.app; sourceTree = BUILT_PRODUCTS_DIR; };
		7BC56B52230DD664008F13A7 /* AppDelegate.swift */ = {isa = PBXFileReference; lastKnownFileType = sourcecode.swift; path = AppDelegate.swift; sourceTree = "<group>"; };
		7BC56B54230DD664008F13A7 /* MainViewController.swift */ = {isa = PBXFileReference; lastKnownFileType = sourcecode.swift; path = MainViewController.swift; sourceTree = "<group>"; };
		7BC56B5A230DD664008F13A7 /* MaybeYesMaybeNo.xcdatamodel */ = {isa = PBXFileReference; lastKnownFileType = wrapper.xcdatamodel; path = MaybeYesMaybeNo.xcdatamodel; sourceTree = "<group>"; };
		7BC56B5C230DD665008F13A7 /* Assets.xcassets */ = {isa = PBXFileReference; lastKnownFileType = folder.assetcatalog; path = Assets.xcassets; sourceTree = "<group>"; };
		7BC56B61230DD665008F13A7 /* Info.plist */ = {isa = PBXFileReference; lastKnownFileType = text.plist.xml; path = Info.plist; sourceTree = "<group>"; };
		7BC56B6B230DD7E7008F13A7 /* NetworkManager.swift */ = {isa = PBXFileReference; lastKnownFileType = sourcecode.swift; path = NetworkManager.swift; sourceTree = "<group>"; };
		7BC56B6E230DD7FF008F13A7 /* AnswerEntity.swift */ = {isa = PBXFileReference; lastKnownFileType = sourcecode.swift; path = AnswerEntity.swift; sourceTree = "<group>"; };
		7BC56B73230DE4F8008F13A7 /* Common.swift */ = {isa = PBXFileReference; fileEncoding = 4; lastKnownFileType = sourcecode.swift; path = Common.swift; sourceTree = "<group>"; };
		7BC56B76230DF4E3008F13A7 /* SettingsViewController.swift */ = {isa = PBXFileReference; lastKnownFileType = sourcecode.swift; path = SettingsViewController.swift; sourceTree = "<group>"; };
		7BC56B7A230DFF1B008F13A7 /* BaseViewController.swift */ = {isa = PBXFileReference; lastKnownFileType = sourcecode.swift; path = BaseViewController.swift; sourceTree = "<group>"; };
		7BCC61F7231508E5008BE745 /* DefaultAnswerModel.swift */ = {isa = PBXFileReference; lastKnownFileType = sourcecode.swift; path = DefaultAnswerModel.swift; sourceTree = "<group>"; };
		7BCC61F923151B49008BE745 /* DataBaseManager.swift */ = {isa = PBXFileReference; lastKnownFileType = sourcecode.swift; path = DataBaseManager.swift; sourceTree = "<group>"; };
		7BCC61FE2316562E008BE745 /* UINavigationController.swift */ = {isa = PBXFileReference; lastKnownFileType = sourcecode.swift; path = UINavigationController.swift; sourceTree = "<group>"; };
		7BD24E602342BF0D009944B2 /* SettingsModel.swift */ = {isa = PBXFileReference; lastKnownFileType = sourcecode.swift; path = SettingsModel.swift; sourceTree = "<group>"; };
		7BD24E622342BF40009944B2 /* SettingsViewModel.swift */ = {isa = PBXFileReference; lastKnownFileType = sourcecode.swift; path = SettingsViewModel.swift; sourceTree = "<group>"; };
		7BD24E6A23463B1D009944B2 /* PresentableModel.swift */ = {isa = PBXFileReference; fileEncoding = 4; lastKnownFileType = sourcecode.swift; path = PresentableModel.swift; sourceTree = "<group>"; };
		7BE14F2C2340C293004B0627 /* MainViewModel.swift */ = {isa = PBXFileReference; lastKnownFileType = sourcecode.swift; path = MainViewModel.swift; sourceTree = "<group>"; };
		7BE4E9D72356728A00FE4D28 /* RootTabBarController.swift */ = {isa = PBXFileReference; lastKnownFileType = sourcecode.swift; path = RootTabBarController.swift; sourceTree = "<group>"; };
		99A575923B28DD48ABCABFAC /* Pods_MaybeYesMaybeNo.framework */ = {isa = PBXFileReference; explicitFileType = wrapper.framework; includeInIndex = 0; path = Pods_MaybeYesMaybeNo.framework; sourceTree = BUILT_PRODUCTS_DIR; };
/* End PBXFileReference section */

/* Begin PBXFrameworksBuildPhase section */
		7BC56B4C230DD664008F13A7 /* Frameworks */ = {
			isa = PBXFrameworksBuildPhase;
			buildActionMask = 2147483647;
			files = (
				DBD9D32A227D12B8191EC1DC /* Pods_MaybeYesMaybeNo.framework in Frameworks */,
			);
			runOnlyForDeploymentPostprocessing = 0;
		};
/* End PBXFrameworksBuildPhase section */

/* Begin PBXGroup section */
		66943242DB49B512AF8F4EEC /* Pods */ = {
			isa = PBXGroup;
			children = (
				2EF541D99880B8DC1B1B7C9A /* Pods-MaybeYesMaybeNo.debug.xcconfig */,
				33AB7FEBCD23D02B9390207A /* Pods-MaybeYesMaybeNo.release.xcconfig */,
			);
			path = Pods;
			sourceTree = "<group>";
		};
		7B5515622339756A00F47437 /* SwiftGen */ = {
			isa = PBXGroup;
			children = (
				7B55156323397ACA00F47437 /* assets.swift */,
				7B55156423397ACA00F47437 /* strings.swift */,
			);
			path = SwiftGen;
			sourceTree = "<group>";
		};
		7B9E265323416C050070F3D7 /* Entities */ = {
			isa = PBXGroup;
			children = (
				7BC56B6E230DD7FF008F13A7 /* AnswerEntity.swift */,
				7B9E265423416CA10070F3D7 /* MagicEntity.swift */,
			);
			path = Entities;
			sourceTree = "<group>";
		};
		7B9E265623416CB70070F3D7 /* ViewModel */ = {
			isa = PBXGroup;
			children = (
				7BE14F2C2340C293004B0627 /* MainViewModel.swift */,
				7BD24E622342BF40009944B2 /* SettingsViewModel.swift */,
			);
			path = ViewModel;
			sourceTree = "<group>";
		};
		7BC56B46230DD664008F13A7 = {
			isa = PBXGroup;
			children = (
				7BC56B51230DD664008F13A7 /* MaybeYesMaybeNo */,
				7BC56B50230DD664008F13A7 /* Products */,
				66943242DB49B512AF8F4EEC /* Pods */,
				FC799E00FD380526C80A9611 /* Frameworks */,
			);
			sourceTree = "<group>";
		};
		7BC56B50230DD664008F13A7 /* Products */ = {
			isa = PBXGroup;
			children = (
				7BC56B4F230DD664008F13A7 /* MaybeYesMaybeNo.app */,
			);
			name = Products;
			sourceTree = "<group>";
		};
		7BC56B51230DD664008F13A7 /* MaybeYesMaybeNo */ = {
			isa = PBXGroup;
			children = (
				7B6C5709234E7CB200B67366 /* MaybeYesMaybeNo.entitlements */,
				7B5515622339756A00F47437 /* SwiftGen */,
				7BC56B68230DD7B4008F13A7 /* Source */,
				7BC56B67230DD79F008F13A7 /* Resource */,
				7B55156723397B6000F47437 /* Localizable.strings */,
			);
			path = MaybeYesMaybeNo;
			sourceTree = "<group>";
		};
		7BC56B67230DD79F008F13A7 /* Resource */ = {
			isa = PBXGroup;
			children = (
				7B55156A233A57B600F47437 /* swiftgen.yml */,
				7BC56B5C230DD665008F13A7 /* Assets.xcassets */,
				7BC56B61230DD665008F13A7 /* Info.plist */,
				7BC56B59230DD664008F13A7 /* MaybeYesMaybeNo.xcdatamodeld */,
			);
			path = Resource;
			sourceTree = "<group>";
		};
		7BC56B68230DD7B4008F13A7 /* Source */ = {
			isa = PBXGroup;
			children = (
				7BC56B52230DD664008F13A7 /* AppDelegate.swift */,
				7BC56B75230DE501008F13A7 /* Common */,
				7BC56B69230DD7C6008F13A7 /* Controllers */,
				7BC56B6A230DD7D2008F13A7 /* Storyboard */,
				7BC56B6D230DD7EC008F13A7 /* Service */,
				7BC56B70230DD802008F13A7 /* Model */,
				7B9E265323416C050070F3D7 /* Entities */,
				7B9E265623416CB70070F3D7 /* ViewModel */,
				7BCC61FD23152DC9008BE745 /* Extensions */,
			);
			path = Source;
			sourceTree = "<group>";
		};
		7BC56B69230DD7C6008F13A7 /* Controllers */ = {
			isa = PBXGroup;
			children = (
				7BC56B54230DD664008F13A7 /* MainViewController.swift */,
				7BC56B76230DF4E3008F13A7 /* SettingsViewController.swift */,
				7BE4E9D72356728A00FE4D28 /* RootTabBarController.swift */,
			);
			path = Controllers;
			sourceTree = "<group>";
		};
		7BC56B6A230DD7D2008F13A7 /* Storyboard */ = {
			isa = PBXGroup;
			children = (
				7B6C5703234E52BB00B67366 /* LaunchScreen.storyboard */,
			);
			path = Storyboard;
			sourceTree = "<group>";
		};
		7BC56B6D230DD7EC008F13A7 /* Service */ = {
			isa = PBXGroup;
			children = (
				7BC56B6B230DD7E7008F13A7 /* NetworkManager.swift */,
				7BCC61F923151B49008BE745 /* DataBaseManager.swift */,
				7B6C5707234E63FE00B67366 /* KeychainManager.swift */,
			);
			path = Service;
			sourceTree = "<group>";
		};
		7BC56B70230DD802008F13A7 /* Model */ = {
			isa = PBXGroup;
			children = (
				7BCC61F7231508E5008BE745 /* DefaultAnswerModel.swift */,
				7B9E265723416D0C0070F3D7 /* MainModel.swift */,
				7BD24E602342BF0D009944B2 /* SettingsModel.swift */,
				7BD24E6A23463B1D009944B2 /* PresentableModel.swift */,
				7B6C570A234E877100B67366 /* PresentableShakeCount.swift */,
			);
			path = Model;
			sourceTree = "<group>";
		};
		7BC56B75230DE501008F13A7 /* Common */ = {
			isa = PBXGroup;
			children = (
				7BC56B73230DE4F8008F13A7 /* Common.swift */,
				7BC56B7A230DFF1B008F13A7 /* BaseViewController.swift */,
			);
			path = Common;
			sourceTree = "<group>";
		};
		7BCC61FD23152DC9008BE745 /* Extensions */ = {
			isa = PBXGroup;
			children = (
				7BCC61FE2316562E008BE745 /* UINavigationController.swift */,
			);
			path = Extensions;
			sourceTree = "<group>";
		};
		FC799E00FD380526C80A9611 /* Frameworks */ = {
			isa = PBXGroup;
			children = (
				99A575923B28DD48ABCABFAC /* Pods_MaybeYesMaybeNo.framework */,
			);
			name = Frameworks;
			sourceTree = "<group>";
		};
/* End PBXGroup section */

/* Begin PBXNativeTarget section */
		7BC56B4E230DD664008F13A7 /* MaybeYesMaybeNo */ = {
			isa = PBXNativeTarget;
			buildConfigurationList = 7BC56B64230DD665008F13A7 /* Build configuration list for PBXNativeTarget "MaybeYesMaybeNo" */;
			buildPhases = (
				66B5E75860472E3E6A21129D /* [CP] Check Pods Manifest.lock */,
				7B55155F2339736100F47437 /* SwiftGen */,
				7BC56B4B230DD664008F13A7 /* Sources */,
				7BC56B4C230DD664008F13A7 /* Frameworks */,
				7BC56B4D230DD664008F13A7 /* Resources */,
				D8BEC18BF0FCB356D9FCB763 /* [CP] Embed Pods Frameworks */,
				7B55155A23394E3000F47437 /* ShellScript */,
			);
			buildRules = (
			);
			dependencies = (
			);
			name = MaybeYesMaybeNo;
			productName = MaybeYesMaybeNo;
			productReference = 7BC56B4F230DD664008F13A7 /* MaybeYesMaybeNo.app */;
			productType = "com.apple.product-type.application";
		};
/* End PBXNativeTarget section */

/* Begin PBXProject section */
		7BC56B47230DD664008F13A7 /* Project object */ = {
			isa = PBXProject;
			attributes = {
				LastSwiftUpdateCheck = 1020;
				LastUpgradeCheck = 1020;
				ORGANIZATIONNAME = "Nugumanov Dmitriy";
				TargetAttributes = {
					7BC56B4E230DD664008F13A7 = {
						CreatedOnToolsVersion = 10.2.1;
					};
				};
			};
			buildConfigurationList = 7BC56B4A230DD664008F13A7 /* Build configuration list for PBXProject "MaybeYesMaybeNo" */;
			compatibilityVersion = "Xcode 9.3";
			developmentRegion = en;
			hasScannedForEncodings = 0;
			knownRegions = (
				en,
				Base,
			);
			mainGroup = 7BC56B46230DD664008F13A7;
			productRefGroup = 7BC56B50230DD664008F13A7 /* Products */;
			projectDirPath = "";
			projectRoot = "";
			targets = (
				7BC56B4E230DD664008F13A7 /* MaybeYesMaybeNo */,
			);
		};
/* End PBXProject section */

/* Begin PBXResourcesBuildPhase section */
		7BC56B4D230DD664008F13A7 /* Resources */ = {
			isa = PBXResourcesBuildPhase;
			buildActionMask = 2147483647;
			files = (
				7B55156923397B6000F47437 /* Localizable.strings in Resources */,
				7B6C5704234E52BB00B67366 /* LaunchScreen.storyboard in Resources */,
				7B55156B233A57B600F47437 /* swiftgen.yml in Resources */,
				7BC56B5D230DD665008F13A7 /* Assets.xcassets in Resources */,
			);
			runOnlyForDeploymentPostprocessing = 0;
		};
/* End PBXResourcesBuildPhase section */

/* Begin PBXShellScriptBuildPhase section */
		66B5E75860472E3E6A21129D /* [CP] Check Pods Manifest.lock */ = {
			isa = PBXShellScriptBuildPhase;
			buildActionMask = 2147483647;
			files = (
			);
			inputFileListPaths = (
			);
			inputPaths = (
				"${PODS_PODFILE_DIR_PATH}/Podfile.lock",
				"${PODS_ROOT}/Manifest.lock",
			);
			name = "[CP] Check Pods Manifest.lock";
			outputFileListPaths = (
			);
			outputPaths = (
				"$(DERIVED_FILE_DIR)/Pods-MaybeYesMaybeNo-checkManifestLockResult.txt",
			);
			runOnlyForDeploymentPostprocessing = 0;
			shellPath = /bin/sh;
			shellScript = "diff \"${PODS_PODFILE_DIR_PATH}/Podfile.lock\" \"${PODS_ROOT}/Manifest.lock\" > /dev/null\nif [ $? != 0 ] ; then\n    # print error to STDERR\n    echo \"error: The sandbox is not in sync with the Podfile.lock. Run 'pod install' or update your CocoaPods installation.\" >&2\n    exit 1\nfi\n# This output is used by Xcode 'outputs' to avoid re-running this script phase.\necho \"SUCCESS\" > \"${SCRIPT_OUTPUT_FILE_0}\"\n";
			showEnvVarsInLog = 0;
		};
		7B55155A23394E3000F47437 /* ShellScript */ = {
			isa = PBXShellScriptBuildPhase;
			buildActionMask = 2147483647;
			files = (
			);
			inputFileListPaths = (
			);
			inputPaths = (
			);
			outputFileListPaths = (
			);
			outputPaths = (
			);
			runOnlyForDeploymentPostprocessing = 0;
			shellPath = /bin/sh;
			shellScript = "\"${PODS_ROOT}/SwiftLint/swiftlint\"\n";
		};
		7B55155F2339736100F47437 /* SwiftGen */ = {
			isa = PBXShellScriptBuildPhase;
			buildActionMask = 2147483647;
			files = (
			);
			inputFileListPaths = (
			);
			inputPaths = (
			);
			name = SwiftGen;
			outputFileListPaths = (
			);
			outputPaths = (
			);
			runOnlyForDeploymentPostprocessing = 0;
			shellPath = /bin/sh;
			shellScript = "${PODS_ROOT}/SwiftGen/bin/swiftgen\n";
		};
		D8BEC18BF0FCB356D9FCB763 /* [CP] Embed Pods Frameworks */ = {
			isa = PBXShellScriptBuildPhase;
			buildActionMask = 2147483647;
			files = (
			);
			inputFileListPaths = (
				"${PODS_ROOT}/Target Support Files/Pods-MaybeYesMaybeNo/Pods-MaybeYesMaybeNo-frameworks-${CONFIGURATION}-input-files.xcfilelist",
			);
			name = "[CP] Embed Pods Frameworks";
			outputFileListPaths = (
				"${PODS_ROOT}/Target Support Files/Pods-MaybeYesMaybeNo/Pods-MaybeYesMaybeNo-frameworks-${CONFIGURATION}-output-files.xcfilelist",
			);
			runOnlyForDeploymentPostprocessing = 0;
			shellPath = /bin/sh;
			shellScript = "\"${PODS_ROOT}/Target Support Files/Pods-MaybeYesMaybeNo/Pods-MaybeYesMaybeNo-frameworks.sh\"\n";
			showEnvVarsInLog = 0;
		};
/* End PBXShellScriptBuildPhase section */

/* Begin PBXSourcesBuildPhase section */
		7BC56B4B230DD664008F13A7 /* Sources */ = {
			isa = PBXSourcesBuildPhase;
			buildActionMask = 2147483647;
			files = (
				7BD24E612342BF0D009944B2 /* SettingsModel.swift in Sources */,
				7BC56B6F230DD7FF008F13A7 /* AnswerEntity.swift in Sources */,
				7BC56B6C230DD7E7008F13A7 /* NetworkManager.swift in Sources */,
				7B55156523397ACA00F47437 /* assets.swift in Sources */,
				7BC56B77230DF4E3008F13A7 /* SettingsViewController.swift in Sources */,
				7BD24E632342BF40009944B2 /* SettingsViewModel.swift in Sources */,
				7BC56B55230DD664008F13A7 /* MainViewController.swift in Sources */,
				7BCC61FA23151B49008BE745 /* DataBaseManager.swift in Sources */,
				7BCC61F8231508E5008BE745 /* DefaultAnswerModel.swift in Sources */,
				7BC56B53230DD664008F13A7 /* AppDelegate.swift in Sources */,
				7BD24E6B23463B1D009944B2 /* PresentableModel.swift in Sources */,
				7BE14F2D2340C293004B0627 /* MainViewModel.swift in Sources */,
				7B55156623397ACA00F47437 /* strings.swift in Sources */,
				7B9E265523416CA10070F3D7 /* MagicEntity.swift in Sources */,
				7B9E265823416D0C0070F3D7 /* MainModel.swift in Sources */,
				7BC56B7B230DFF1B008F13A7 /* BaseViewController.swift in Sources */,
				7B6C570B234E877100B67366 /* PresentableShakeCount.swift in Sources */,
				7BC56B74230DE4F8008F13A7 /* Common.swift in Sources */,
				7BCC61FF2316562E008BE745 /* UINavigationController.swift in Sources */,
				7BC56B5B230DD664008F13A7 /* MaybeYesMaybeNo.xcdatamodeld in Sources */,
				7B6C5708234E63FE00B67366 /* KeychainManager.swift in Sources */,
				7BE4E9D82356728A00FE4D28 /* RootTabBarController.swift in Sources */,
			);
			runOnlyForDeploymentPostprocessing = 0;
		};
/* End PBXSourcesBuildPhase section */

/* Begin PBXVariantGroup section */
		7B55156723397B6000F47437 /* Localizable.strings */ = {
			isa = PBXVariantGroup;
			children = (
				7B55156823397B6000F47437 /* Base */,
			);
			name = Localizable.strings;
			sourceTree = "<group>";
		};
/* End PBXVariantGroup section */

/* Begin XCBuildConfiguration section */
		7BC56B62230DD665008F13A7 /* Debug */ = {
			isa = XCBuildConfiguration;
			buildSettings = {
				ALWAYS_SEARCH_USER_PATHS = NO;
				CLANG_ANALYZER_NONNULL = YES;
				CLANG_ANALYZER_NUMBER_OBJECT_CONVERSION = YES_AGGRESSIVE;
				CLANG_CXX_LANGUAGE_STANDARD = "gnu++14";
				CLANG_CXX_LIBRARY = "libc++";
				CLANG_ENABLE_MODULES = YES;
				CLANG_ENABLE_OBJC_ARC = YES;
				CLANG_ENABLE_OBJC_WEAK = YES;
				CLANG_WARN_BLOCK_CAPTURE_AUTORELEASING = YES;
				CLANG_WARN_BOOL_CONVERSION = YES;
				CLANG_WARN_COMMA = YES;
				CLANG_WARN_CONSTANT_CONVERSION = YES;
				CLANG_WARN_DEPRECATED_OBJC_IMPLEMENTATIONS = YES;
				CLANG_WARN_DIRECT_OBJC_ISA_USAGE = YES_ERROR;
				CLANG_WARN_DOCUMENTATION_COMMENTS = YES;
				CLANG_WARN_EMPTY_BODY = YES;
				CLANG_WARN_ENUM_CONVERSION = YES;
				CLANG_WARN_INFINITE_RECURSION = YES;
				CLANG_WARN_INT_CONVERSION = YES;
				CLANG_WARN_NON_LITERAL_NULL_CONVERSION = YES;
				CLANG_WARN_OBJC_IMPLICIT_RETAIN_SELF = YES;
				CLANG_WARN_OBJC_LITERAL_CONVERSION = YES;
				CLANG_WARN_OBJC_ROOT_CLASS = YES_ERROR;
				CLANG_WARN_RANGE_LOOP_ANALYSIS = YES;
				CLANG_WARN_STRICT_PROTOTYPES = YES;
				CLANG_WARN_SUSPICIOUS_MOVE = YES;
				CLANG_WARN_UNGUARDED_AVAILABILITY = YES_AGGRESSIVE;
				CLANG_WARN_UNREACHABLE_CODE = YES;
				CLANG_WARN__DUPLICATE_METHOD_MATCH = YES;
				CODE_SIGN_IDENTITY = "iPhone Developer";
				COPY_PHASE_STRIP = NO;
				DEBUG_INFORMATION_FORMAT = dwarf;
				ENABLE_STRICT_OBJC_MSGSEND = YES;
				ENABLE_TESTABILITY = YES;
				GCC_C_LANGUAGE_STANDARD = gnu11;
				GCC_DYNAMIC_NO_PIC = NO;
				GCC_NO_COMMON_BLOCKS = YES;
				GCC_OPTIMIZATION_LEVEL = 0;
				GCC_PREPROCESSOR_DEFINITIONS = (
					"DEBUG=1",
					"$(inherited)",
				);
				GCC_WARN_64_TO_32_BIT_CONVERSION = YES;
				GCC_WARN_ABOUT_RETURN_TYPE = YES_ERROR;
				GCC_WARN_UNDECLARED_SELECTOR = YES;
				GCC_WARN_UNINITIALIZED_AUTOS = YES_AGGRESSIVE;
				GCC_WARN_UNUSED_FUNCTION = YES;
				GCC_WARN_UNUSED_VARIABLE = YES;
				IPHONEOS_DEPLOYMENT_TARGET = 12.2;
				MTL_ENABLE_DEBUG_INFO = INCLUDE_SOURCE;
				MTL_FAST_MATH = YES;
				ONLY_ACTIVE_ARCH = YES;
				SDKROOT = iphoneos;
				SWIFT_ACTIVE_COMPILATION_CONDITIONS = DEBUG;
				SWIFT_OPTIMIZATION_LEVEL = "-Onone";
			};
			name = Debug;
		};
		7BC56B63230DD665008F13A7 /* Release */ = {
			isa = XCBuildConfiguration;
			buildSettings = {
				ALWAYS_SEARCH_USER_PATHS = NO;
				CLANG_ANALYZER_NONNULL = YES;
				CLANG_ANALYZER_NUMBER_OBJECT_CONVERSION = YES_AGGRESSIVE;
				CLANG_CXX_LANGUAGE_STANDARD = "gnu++14";
				CLANG_CXX_LIBRARY = "libc++";
				CLANG_ENABLE_MODULES = YES;
				CLANG_ENABLE_OBJC_ARC = YES;
				CLANG_ENABLE_OBJC_WEAK = YES;
				CLANG_WARN_BLOCK_CAPTURE_AUTORELEASING = YES;
				CLANG_WARN_BOOL_CONVERSION = YES;
				CLANG_WARN_COMMA = YES;
				CLANG_WARN_CONSTANT_CONVERSION = YES;
				CLANG_WARN_DEPRECATED_OBJC_IMPLEMENTATIONS = YES;
				CLANG_WARN_DIRECT_OBJC_ISA_USAGE = YES_ERROR;
				CLANG_WARN_DOCUMENTATION_COMMENTS = YES;
				CLANG_WARN_EMPTY_BODY = YES;
				CLANG_WARN_ENUM_CONVERSION = YES;
				CLANG_WARN_INFINITE_RECURSION = YES;
				CLANG_WARN_INT_CONVERSION = YES;
				CLANG_WARN_NON_LITERAL_NULL_CONVERSION = YES;
				CLANG_WARN_OBJC_IMPLICIT_RETAIN_SELF = YES;
				CLANG_WARN_OBJC_LITERAL_CONVERSION = YES;
				CLANG_WARN_OBJC_ROOT_CLASS = YES_ERROR;
				CLANG_WARN_RANGE_LOOP_ANALYSIS = YES;
				CLANG_WARN_STRICT_PROTOTYPES = YES;
				CLANG_WARN_SUSPICIOUS_MOVE = YES;
				CLANG_WARN_UNGUARDED_AVAILABILITY = YES_AGGRESSIVE;
				CLANG_WARN_UNREACHABLE_CODE = YES;
				CLANG_WARN__DUPLICATE_METHOD_MATCH = YES;
				CODE_SIGN_IDENTITY = "iPhone Developer";
				COPY_PHASE_STRIP = NO;
				DEBUG_INFORMATION_FORMAT = "dwarf-with-dsym";
				ENABLE_NS_ASSERTIONS = NO;
				ENABLE_STRICT_OBJC_MSGSEND = YES;
				GCC_C_LANGUAGE_STANDARD = gnu11;
				GCC_NO_COMMON_BLOCKS = YES;
				GCC_WARN_64_TO_32_BIT_CONVERSION = YES;
				GCC_WARN_ABOUT_RETURN_TYPE = YES_ERROR;
				GCC_WARN_UNDECLARED_SELECTOR = YES;
				GCC_WARN_UNINITIALIZED_AUTOS = YES_AGGRESSIVE;
				GCC_WARN_UNUSED_FUNCTION = YES;
				GCC_WARN_UNUSED_VARIABLE = YES;
				IPHONEOS_DEPLOYMENT_TARGET = 12.2;
				MTL_ENABLE_DEBUG_INFO = NO;
				MTL_FAST_MATH = YES;
				SDKROOT = iphoneos;
				SWIFT_COMPILATION_MODE = wholemodule;
				SWIFT_OPTIMIZATION_LEVEL = "-O";
				VALIDATE_PRODUCT = YES;
			};
			name = Release;
		};
		7BC56B65230DD665008F13A7 /* Debug */ = {
			isa = XCBuildConfiguration;
			baseConfigurationReference = 2EF541D99880B8DC1B1B7C9A /* Pods-MaybeYesMaybeNo.debug.xcconfig */;
			buildSettings = {
				ASSETCATALOG_COMPILER_APPICON_NAME = AppIcon;
				CODE_SIGN_ENTITLEMENTS = MaybeYesMaybeNo/MaybeYesMaybeNo.entitlements;
				CODE_SIGN_IDENTITY = "Apple Development";
				CODE_SIGN_STYLE = Automatic;
				DEVELOPMENT_TEAM = 5P369B9Z7K;
				INFOPLIST_FILE = "$(SRCROOT)/MaybeYesMaybeNo/Resource/Info.plist";
				IPHONEOS_DEPLOYMENT_TARGET = 12.2;
				LD_RUNPATH_SEARCH_PATHS = (
					"$(inherited)",
					"@executable_path/Frameworks",
				);
				MARKETING_VERSION = 1.1;
				PRODUCT_BUNDLE_IDENTIFIER = com.nugumanov.MaybeYesMaybeNo;
				PRODUCT_NAME = "$(TARGET_NAME)";
				PROVISIONING_PROFILE_SPECIFIER = "";
				SWIFT_VERSION = 5.0;
				TARGETED_DEVICE_FAMILY = 1;
			};
			name = Debug;
		};
		7BC56B66230DD665008F13A7 /* Release */ = {
			isa = XCBuildConfiguration;
			baseConfigurationReference = 33AB7FEBCD23D02B9390207A /* Pods-MaybeYesMaybeNo.release.xcconfig */;
			buildSettings = {
				ASSETCATALOG_COMPILER_APPICON_NAME = AppIcon;
				CODE_SIGN_ENTITLEMENTS = MaybeYesMaybeNo/MaybeYesMaybeNo.entitlements;
				CODE_SIGN_IDENTITY = "Apple Development";
				CODE_SIGN_STYLE = Automatic;
				DEVELOPMENT_TEAM = 5P369B9Z7K;
				INFOPLIST_FILE = "$(SRCROOT)/MaybeYesMaybeNo/Resource/Info.plist";
				IPHONEOS_DEPLOYMENT_TARGET = 12.2;
				LD_RUNPATH_SEARCH_PATHS = (
					"$(inherited)",
					"@executable_path/Frameworks",
				);
				MARKETING_VERSION = 1.1;
				PRODUCT_BUNDLE_IDENTIFIER = com.nugumanov.MaybeYesMaybeNo;
				PRODUCT_NAME = "$(TARGET_NAME)";
				PROVISIONING_PROFILE_SPECIFIER = "";
				SWIFT_VERSION = 5.0;
				TARGETED_DEVICE_FAMILY = 1;
			};
			name = Release;
		};
/* End XCBuildConfiguration section */

/* Begin XCConfigurationList section */
		7BC56B4A230DD664008F13A7 /* Build configuration list for PBXProject "MaybeYesMaybeNo" */ = {
			isa = XCConfigurationList;
			buildConfigurations = (
				7BC56B62230DD665008F13A7 /* Debug */,
				7BC56B63230DD665008F13A7 /* Release */,
			);
			defaultConfigurationIsVisible = 0;
			defaultConfigurationName = Release;
		};
		7BC56B64230DD665008F13A7 /* Build configuration list for PBXNativeTarget "MaybeYesMaybeNo" */ = {
			isa = XCConfigurationList;
			buildConfigurations = (
				7BC56B65230DD665008F13A7 /* Debug */,
				7BC56B66230DD665008F13A7 /* Release */,
			);
			defaultConfigurationIsVisible = 0;
			defaultConfigurationName = Release;
		};
/* End XCConfigurationList section */

/* Begin XCVersionGroup section */
		7BC56B59230DD664008F13A7 /* MaybeYesMaybeNo.xcdatamodeld */ = {
			isa = XCVersionGroup;
			children = (
				7BC56B5A230DD664008F13A7 /* MaybeYesMaybeNo.xcdatamodel */,
			);
			currentVersion = 7BC56B5A230DD664008F13A7 /* MaybeYesMaybeNo.xcdatamodel */;
			path = MaybeYesMaybeNo.xcdatamodeld;
			sourceTree = "<group>";
			versionGroupType = wrapper.xcdatamodel;
		};
/* End XCVersionGroup section */
	};
	rootObject = 7BC56B47230DD664008F13A7 /* Project object */;
}
